{
  "nodes": {
    "flake-parts": {
      "inputs": {
        "nixpkgs-lib": "nixpkgs-lib"
      },
      "locked": {
        "lastModified": 1778716662,
        "narHash": "sha256-m1Yf0wZ8j1OHjTc2UwHwyQRSnNeSgLJOd7q5Y45hzi4=",
        "owner": "hercules-ci",
        "repo": "flake-parts",
        "rev": "f7c1a2d347e4c52d5fb8d10cb4d94b5884e546fb",
        "type": "github"
      },
      "original": {
        "owner": "hercules-ci",
        "repo": "flake-parts",
        "type": "github"
      }
    },
    "lean4": {
      "flake": false,
      "locked": {
        "lastModified": 1779784455,
        "narHash": "sha256-YTsfIppd6km7wOjAxRH5KMPsW++ztFDCJT2up72J86Q=",
        "owner": "leanprover",
        "repo": "lean4",
        "rev": "d024af099ca4bf2c86f649261ebf59565dc8c622",
        "type": "github"
      },
      "original": {
        "owner": "leanprover",
        "ref": "v4.30.0",
        "repo": "lean4",
        "type": "github"
      }
    },
    "leantar": {
      "flake": false,
      "locked": {
        "lastModified": 1773708296,
        "narHash": "sha256-E87pNKxlVsyg9wnINjX0F7CMDwKYxwhtMRUWYW2KoTs=",
        "type": "tarball",
        "url": "https://github.com/digama0/leangz/releases/download/v0.1.19/leantar-v0.1.19-x86_64-unknown-linux-musl.tar.gz"
      },
      "original": {
        "type": "tarball",
        "url": "https://github.com/digama0/leangz/releases/download/v0.1.19/leantar-v0.1.19-x86_64-unknown-linux-musl.tar.gz"
      }
    },
    "mimalloc": {
      "flake": false,
      "locked": {
        "lastModified": 1743196747,
        "narHash": "sha256-B0gngv16WFLBtrtG5NqA2m5e95bYVcQraeITcOX9A74=",
        "owner": "microsoft",
        "repo": "mimalloc",
        "rev": "94036de6fe20bfd8a73d4a6d142fcf532ea604d9",
        "type": "github"
      },
      "original": {
        "owner": "microsoft",
        "ref": "v2.2.3",
        "repo": "mimalloc",
        "type": "github"
      }
    },
    "nixpkgs": {
      "locked": {
        "lastModified": 1779560665,
        "narHash": "sha256-tpyBcxPpcQb8ukyNF7DoCwfSY3VPsxHoYwj00Cayv5o=",
        "owner": "NixOS",
        "repo": "nixpkgs",
        "rev": "64c08a7ca051951c8eae34e3e3cb1e202fe36786",
        "type": "github"
      },
      "original": {
        "owner": "NixOS",
        "ref": "nixos-unstable",
        "repo": "nixpkgs",
        "type": "github"
      }
    },
    "nixpkgs-lib": {
      "locked": {
        "lastModified": 1777168982,
        "narHash": "sha256-GOkGPcboWE9BmGCRMLX3worL4EMnsnG8MyKmXNeYuhQ=",
        "owner": "nix-community",
        "repo": "nixpkgs.lib",
        "rev": "f5901329dade4a6ea039af1433fb087bd9c1fe14",
        "type": "github"
      },
      "original": {
        "owner": "nix-community",
        "repo": "nixpkgs.lib",
        "type": "github"
      }
    },
    "root": {
      "inputs": {
        "flake-parts": "flake-parts",
        "lean4": "lean4",
        "leantar": "leantar",
        "mimalloc": "mimalloc",
        "nixpkgs": "nixpkgs",
        "treefmt-nix": "treefmt-nix"
      }
    },
    "treefmt-nix": {
      "inputs": {
        "nixpkgs": [
          "nixpkgs"
        ]
      },
      "locked": {
        "lastModified": 1775636079,
        "narHash": "sha256-pc20NRoMdiar8oPQceQT47UUZMBTiMdUuWrYu2obUP0=",
        "owner": "numtide",
        "repo": "treefmt-nix",
        "rev": "790751ff7fd3801feeaf96d7dc416a8d581265ba",
        "type": "github"
      },
      "original": {
        "owner": "numtide",
        "repo": "treefmt-nix",
        "type": "github"
      }
    }
  },
  "root": "root",
  "version": 7
}
